
Microsoft Visual Studio Solution File, Format Version 12.00
# Visual Studio Version 16
VisualStudioVersion = 16.0.31729.503
MinimumVisualStudioVersion = 10.0.40219.1
Project("{FAE04EC0-301F-11D3-BF4B-00C04F79EFBC}") = "Algofi", "Algofi\Algofi.csproj", "{26A54EE0-9C15-402E-8ACD-F1A3920AEE92}"
EndProject
Global
	GlobalSection(SolutionConfigurationPlatforms) = preSolution
		Debug|Any CPU = Debug|Any CPU
		Release|Any CPU = Release|Any CPU
	EndGlobalSection
	GlobalSection(ProjectConfigurationPlatforms) = postSolution
		{26A54EE0-9C15-402E-8ACD-F1A3920AEE92}.Debug|Any CPU.ActiveCfg = Debug|Any CPU
		{26A54EE0-9C15-402E-8ACD-F1A3920AEE92}.Debug|Any CPU.Build.0 = Debug|Any CPU
		{26A54EE0-9C15-402E-8ACD-F1A3920AEE92}.Release|Any CPU.ActiveCfg = Release|Any CPU
		{26A54EE0-9C15-402E-8ACD-F1A3920AEE92}.Release|Any CPU.Build.0 = Release|Any CPU
	EndGlobalSection
	GlobalSection(SolutionProperties) = preSolution
		HideSolutionNode = FALSE
	EndGlobalSection
	GlobalSection(ExtensibilityGlobals) = postSolution
		SolutionGuid = {180586D8-CA3F-46DC-8EAE-1556770F2D92}
	EndGlobalSection
EndGlobal
